
Microsoft Visual Studio Solution File, Format Version 12.00
# Visual Studio 14
VisualStudioVersion = 14.0.23107.0
MinimumVisualStudioVersion = 10.0.40219.1
Project("{FAE04EC0-301F-11D3-BF4B-00C04F79EFBC}") = "Unplugged.Segy", "Unplugged.Segy\Unplugged.Segy.csproj", "{096016A3-C38E-41C0-9853-4C4AF2DF8782}"
EndProject
Project("{FAE04EC0-301F-11D3-BF4B-00C04F79EFBC}") = "Windows7Renderer", "Windows7Renderer\Windows7Renderer.csproj", "{A5DAE67B-A6D6-400C-B598-9F87B954B702}"
EndProject
Project("{FAE04EC0-301F-11D3-BF4B-00C04F79EFBC}") = "Unplugged.Segy.Tests", "Unplugged.Segy.Tests\Unplugged.Segy.Tests.csproj", "{7BE2D039-A482-4792-BBB8-90F68C5B0F57}"
EndProject
Project("{FAE04EC0-301F-11D3-BF4B-00C04F79EFBC}") = "Unplugged.Segy.NUnitTests", "Unplugged.Segy.NUnitTests\Unplugged.Segy.NUnitTests.csproj", "{5FB4FF59-8350-4596-B3D0-0EF11FA6BCD4}"
EndProject
Project("{FAE04EC0-301F-11D3-BF4B-00C04F79EFBC}") = "Unplugged.IbmBits", "Unplugged.IbmBits\Unplugged.IbmBits.csproj", "{A888F8BC-C046-4A45-8001-10C8C9FAB3AE}"
EndProject
Project("{FAE04EC0-301F-11D3-BF4B-00C04F79EFBC}") = "GamaseisProcessing", "GamaseisProcessing\GamaseisProcessing.csproj", "{8A7F5426-48E3-4E0C-96B1-FE892E18CCE1}"
EndProject
Project("{FAE04EC0-301F-11D3-BF4B-00C04F79EFBC}") = "Exocortex.DSP.v1", "ExocortexDSP_v1.2\src\Exocortex.DSP.v1.csproj", "{1904A41B-D1B8-40E5-ADBB-728DDCF7C816}"
EndProject
Project("{2150E333-8FDC-42A3-9474-1A3956D46DE8}") = "Third Party App", "Third Party App", "{85FC0DA3-C0B7-4A54-AA26-B8A3EDA127DF}"
EndProject
Project("{FAE04EC0-301F-11D3-BF4B-00C04F79EFBC}") = "GamaseisView", "GamaseisView\GamaseisView.csproj", "{84E6FC93-5A9F-4495-A513-636D3FC7D915}"
EndProject
Project("{FAE04EC0-301F-11D3-BF4B-00C04F79EFBC}") = "Gamaseis", "Gamaseis\Gamaseis.csproj", "{E22741AA-9F3B-4B66-B160-0E35CD94070C}"
EndProject
Global
	GlobalSection(SolutionConfigurationPlatforms) = preSolution
		Debug|Any CPU = Debug|Any CPU
		Debug|Mixed Platforms = Debug|Mixed Platforms
		Debug|x86 = Debug|x86
		Release|Any CPU = Release|Any CPU
		Release|Mixed Platforms = Release|Mixed Platforms
		Release|x86 = Release|x86
	EndGlobalSection
	GlobalSection(ProjectConfigurationPlatforms) = postSolution
		{096016A3-C38E-41C0-9853-4C4AF2DF8782}.Debug|Any CPU.ActiveCfg = Debug|Any CPU
		{096016A3-C38E-41C0-9853-4C4AF2DF8782}.Debug|Any CPU.Build.0 = Debug|Any CPU
		{096016A3-C38E-41C0-9853-4C4AF2DF8782}.Debug|Mixed Platforms.ActiveCfg = Debug|Any CPU
		{096016A3-C38E-41C0-9853-4C4AF2DF8782}.Debug|Mixed Platforms.Build.0 = Debug|Any CPU
		{096016A3-C38E-41C0-9853-4C4AF2DF8782}.Debug|x86.ActiveCfg = Debug|Any CPU
		{096016A3-C38E-41C0-9853-4C4AF2DF8782}.Release|Any CPU.ActiveCfg = Release|Any CPU
		{096016A3-C38E-41C0-9853-4C4AF2DF8782}.Release|Any CPU.Build.0 = Release|Any CPU
		{096016A3-C38E-41C0-9853-4C4AF2DF8782}.Release|Mixed Platforms.ActiveCfg = Release|Any CPU
		{096016A3-C38E-41C0-9853-4C4AF2DF8782}.Release|Mixed Platforms.Build.0 = Release|Any CPU
		{096016A3-C38E-41C0-9853-4C4AF2DF8782}.Release|x86.ActiveCfg = Release|Any CPU
		{A5DAE67B-A6D6-400C-B598-9F87B954B702}.Debug|Any CPU.ActiveCfg = Debug|Any CPU
		{A5DAE67B-A6D6-400C-B598-9F87B954B702}.Debug|Any CPU.Build.0 = Debug|Any CPU
		{A5DAE67B-A6D6-400C-B598-9F87B954B702}.Debug|Mixed Platforms.ActiveCfg = Debug|Any CPU
		{A5DAE67B-A6D6-400C-B598-9F87B954B702}.Debug|Mixed Platforms.Build.0 = Debug|Any CPU
		{A5DAE67B-A6D6-400C-B598-9F87B954B702}.Debug|x86.ActiveCfg = Debug|Any CPU
		{A5DAE67B-A6D6-400C-B598-9F87B954B702}.Release|Any CPU.ActiveCfg = Release|Any CPU
		{A5DAE67B-A6D6-400C-B598-9F87B954B702}.Release|Any CPU.Build.0 = Release|Any CPU
		{A5DAE67B-A6D6-400C-B598-9F87B954B702}.Release|Mixed Platforms.ActiveCfg = Release|Any CPU
		{A5DAE67B-A6D6-400C-B598-9F87B954B702}.Release|Mixed Platforms.Build.0 = Release|Any CPU
		{A5DAE67B-A6D6-400C-B598-9F87B954B702}.Release|x86.ActiveCfg = Release|Any CPU
		{7BE2D039-A482-4792-BBB8-90F68C5B0F57}.Debug|Any CPU.ActiveCfg = Debug|Any CPU
		{7BE2D039-A482-4792-BBB8-90F68C5B0F57}.Debug|Any CPU.Build.0 = Debug|Any CPU
		{7BE2D039-A482-4792-BBB8-90F68C5B0F57}.Debug|Mixed Platforms.ActiveCfg = Debug|Any CPU
		{7BE2D039-A482-4792-BBB8-90F68C5B0F57}.Debug|Mixed Platforms.Build.0 = Debug|Any CPU
		{7BE2D039-A482-4792-BBB8-90F68C5B0F57}.Debug|x86.ActiveCfg = Debug|Any CPU
		{7BE2D039-A482-4792-BBB8-90F68C5B0F57}.Release|Any CPU.ActiveCfg = Release|Any CPU
		{7BE2D039-A482-4792-BBB8-90F68C5B0F57}.Release|Any CPU.Build.0 = Release|Any CPU
		{7BE2D039-A482-4792-BBB8-90F68C5B0F57}.Release|Mixed Platforms.ActiveCfg = Release|Any CPU
		{7BE2D039-A482-4792-BBB8-90F68C5B0F57}.Release|Mixed Platforms.Build.0 = Release|Any CPU
		{7BE2D039-A482-4792-BBB8-90F68C5B0F57}.Release|x86.ActiveCfg = Release|Any CPU
		{5FB4FF59-8350-4596-B3D0-0EF11FA6BCD4}.Debug|Any CPU.ActiveCfg = Debug|Any CPU
		{5FB4FF59-8350-4596-B3D0-0EF11FA6BCD4}.Debug|Any CPU.Build.0 = Debug|Any CPU
		{5FB4FF59-8350-4596-B3D0-0EF11FA6BCD4}.Debug|Mixed Platforms.ActiveCfg = Debug|Any CPU
		{5FB4FF59-8350-4596-B3D0-0EF11FA6BCD4}.Debug|Mixed Platforms.Build.0 = Debug|Any CPU
		{5FB4FF59-8350-4596-B3D0-0EF11FA6BCD4}.Debug|x86.ActiveCfg = Debug|Any CPU
		{5FB4FF59-8350-4596-B3D0-0EF11FA6BCD4}.Release|Any CPU.ActiveCfg = Release|Any CPU
		{5FB4FF59-8350-4596-B3D0-0EF11FA6BCD4}.Release|Any CPU.Build.0 = Release|Any CPU
		{5FB4FF59-8350-4596-B3D0-0EF11FA6BCD4}.Release|Mixed Platforms.ActiveCfg = Release|Any CPU
		{5FB4FF59-8350-4596-B3D0-0EF11FA6BCD4}.Release|Mixed Platforms.Build.0 = Release|Any CPU
		{5FB4FF59-8350-4596-B3D0-0EF11FA6BCD4}.Release|x86.ActiveCfg = Release|Any CPU
		{A888F8BC-C046-4A45-8001-10C8C9FAB3AE}.Debug|Any CPU.ActiveCfg = Debug|Any CPU
		{A888F8BC-C046-4A45-8001-10C8C9FAB3AE}.Debug|Any CPU.Build.0 = Debug|Any CPU
		{A888F8BC-C046-4A45-8001-10C8C9FAB3AE}.Debug|Mixed Platforms.ActiveCfg = Debug|Any CPU
		{A888F8BC-C046-4A45-8001-10C8C9FAB3AE}.Debug|Mixed Platforms.Build.0 = Debug|Any CPU
		{A888F8BC-C046-4A45-8001-10C8C9FAB3AE}.Debug|x86.ActiveCfg = Debug|Any CPU
		{A888F8BC-C046-4A45-8001-10C8C9FAB3AE}.Release|Any CPU.ActiveCfg = Release|Any CPU
		{A888F8BC-C046-4A45-8001-10C8C9FAB3AE}.Release|Any CPU.Build.0 = Release|Any CPU
		{A888F8BC-C046-4A45-8001-10C8C9FAB3AE}.Release|Mixed Platforms.ActiveCfg = Release|Any CPU
		{A888F8BC-C046-4A45-8001-10C8C9FAB3AE}.Release|Mixed Platforms.Build.0 = Release|Any CPU
		{A888F8BC-C046-4A45-8001-10C8C9FAB3AE}.Release|x86.ActiveCfg = Release|Any CPU
		{8A7F5426-48E3-4E0C-96B1-FE892E18CCE1}.Debug|Any CPU.ActiveCfg = Debug|Any CPU
		{8A7F5426-48E3-4E0C-96B1-FE892E18CCE1}.Debug|Any CPU.Build.0 = Debug|Any CPU
		{8A7F5426-48E3-4E0C-96B1-FE892E18CCE1}.Debug|Mixed Platforms.ActiveCfg = Debug|Any CPU
		{8A7F5426-48E3-4E0C-96B1-FE892E18CCE1}.Debug|Mixed Platforms.Build.0 = Debug|Any CPU
		{8A7F5426-48E3-4E0C-96B1-FE892E18CCE1}.Debug|x86.ActiveCfg = Debug|Any CPU
		{8A7F5426-48E3-4E0C-96B1-FE892E18CCE1}.Debug|x86.Build.0 = Debug|Any CPU
		{8A7F5426-48E3-4E0C-96B1-FE892E18CCE1}.Release|Any CPU.ActiveCfg = Release|Any CPU
		{8A7F5426-48E3-4E0C-96B1-FE892E18CCE1}.Release|Any CPU.Build.0 = Release|Any CPU
		{8A7F5426-48E3-4E0C-96B1-FE892E18CCE1}.Release|Mixed Platforms.ActiveCfg = Release|Any CPU
		{8A7F5426-48E3-4E0C-96B1-FE892E18CCE1}.Release|Mixed Platforms.Build.0 = Release|Any CPU
		{8A7F5426-48E3-4E0C-96B1-FE892E18CCE1}.Release|x86.ActiveCfg = Release|Any CPU
		{8A7F5426-48E3-4E0C-96B1-FE892E18CCE1}.Release|x86.Build.0 = Release|Any CPU
		{1904A41B-D1B8-40E5-ADBB-728DDCF7C816}.Debug|Any CPU.ActiveCfg = Debug|Any CPU
		{1904A41B-D1B8-40E5-ADBB-728DDCF7C816}.Debug|Any CPU.Build.0 = Debug|Any CPU
		{1904A41B-D1B8-40E5-ADBB-728DDCF7C816}.Debug|Mixed Platforms.ActiveCfg = Debug|Any CPU
		{1904A41B-D1B8-40E5-ADBB-728DDCF7C816}.Debug|Mixed Platforms.Build.0 = Debug|Any CPU
		{1904A41B-D1B8-40E5-ADBB-728DDCF7C816}.Debug|x86.ActiveCfg = Debug|Any CPU
		{1904A41B-D1B8-40E5-ADBB-728DDCF7C816}.Debug|x86.Build.0 = Debug|Any CPU
		{1904A41B-D1B8-40E5-ADBB-728DDCF7C816}.Release|Any CPU.ActiveCfg = Release|Any CPU
		{1904A41B-D1B8-40E5-ADBB-728DDCF7C816}.Release|Any CPU.Build.0 = Release|Any CPU
		{1904A41B-D1B8-40E5-ADBB-728DDCF7C816}.Release|Mixed Platforms.ActiveCfg = Release|Any CPU
		{1904A41B-D1B8-40E5-ADBB-728DDCF7C816}.Release|Mixed Platforms.Build.0 = Release|Any CPU
		{1904A41B-D1B8-40E5-ADBB-728DDCF7C816}.Release|x86.ActiveCfg = Release|Any CPU
		{1904A41B-D1B8-40E5-ADBB-728DDCF7C816}.Release|x86.Build.0 = Release|Any CPU
		{84E6FC93-5A9F-4495-A513-636D3FC7D915}.Debug|Any CPU.ActiveCfg = Debug|Any CPU
		{84E6FC93-5A9F-4495-A513-636D3FC7D915}.Debug|Any CPU.Build.0 = Debug|Any CPU
		{84E6FC93-5A9F-4495-A513-636D3FC7D915}.Debug|Mixed Platforms.ActiveCfg = Debug|Any CPU
		{84E6FC93-5A9F-4495-A513-636D3FC7D915}.Debug|Mixed Platforms.Build.0 = Debug|Any CPU
		{84E6FC93-5A9F-4495-A513-636D3FC7D915}.Debug|x86.ActiveCfg = Debug|Any CPU
		{84E6FC93-5A9F-4495-A513-636D3FC7D915}.Debug|x86.Build.0 = Debug|Any CPU
		{84E6FC93-5A9F-4495-A513-636D3FC7D915}.Release|Any CPU.ActiveCfg = Release|Any CPU
		{84E6FC93-5A9F-4495-A513-636D3FC7D915}.Release|Any CPU.Build.0 = Release|Any CPU
		{84E6FC93-5A9F-4495-A513-636D3FC7D915}.Release|Mixed Platforms.ActiveCfg = Release|Any CPU
		{84E6FC93-5A9F-4495-A513-636D3FC7D915}.Release|Mixed Platforms.Build.0 = Release|Any CPU
		{84E6FC93-5A9F-4495-A513-636D3FC7D915}.Release|x86.ActiveCfg = Release|Any CPU
		{84E6FC93-5A9F-4495-A513-636D3FC7D915}.Release|x86.Build.0 = Release|Any CPU
		{E22741AA-9F3B-4B66-B160-0E35CD94070C}.Debug|Any CPU.ActiveCfg = Debug|Any CPU
		{E22741AA-9F3B-4B66-B160-0E35CD94070C}.Debug|Any CPU.Build.0 = Debug|Any CPU
		{E22741AA-9F3B-4B66-B160-0E35CD94070C}.Debug|Mixed Platforms.ActiveCfg = Debug|Any CPU
		{E22741AA-9F3B-4B66-B160-0E35CD94070C}.Debug|Mixed Platforms.Build.0 = Debug|Any CPU
		{E22741AA-9F3B-4B66-B160-0E35CD94070C}.Debug|x86.ActiveCfg = Debug|Any CPU
		{E22741AA-9F3B-4B66-B160-0E35CD94070C}.Debug|x86.Build.0 = Debug|Any CPU
		{E22741AA-9F3B-4B66-B160-0E35CD94070C}.Release|Any CPU.ActiveCfg = Release|Any CPU
		{E22741AA-9F3B-4B66-B160-0E35CD94070C}.Release|Any CPU.Build.0 = Release|Any CPU
		{E22741AA-9F3B-4B66-B160-0E35CD94070C}.Release|Mixed Platforms.ActiveCfg = Release|Any CPU
		{E22741AA-9F3B-4B66-B160-0E35CD94070C}.Release|Mixed Platforms.Build.0 = Release|Any CPU
		{E22741AA-9F3B-4B66-B160-0E35CD94070C}.Release|x86.ActiveCfg = Release|Any CPU
		{E22741AA-9F3B-4B66-B160-0E35CD94070C}.Release|x86.Build.0 = Release|Any CPU
	EndGlobalSection
	GlobalSection(SolutionProperties) = preSolution
		HideSolutionNode = FALSE
	EndGlobalSection
	GlobalSection(NestedProjects) = preSolution
		{096016A3-C38E-41C0-9853-4C4AF2DF8782} = {85FC0DA3-C0B7-4A54-AA26-B8A3EDA127DF}
		{A5DAE67B-A6D6-400C-B598-9F87B954B702} = {85FC0DA3-C0B7-4A54-AA26-B8A3EDA127DF}
		{7BE2D039-A482-4792-BBB8-90F68C5B0F57} = {85FC0DA3-C0B7-4A54-AA26-B8A3EDA127DF}
		{5FB4FF59-8350-4596-B3D0-0EF11FA6BCD4} = {85FC0DA3-C0B7-4A54-AA26-B8A3EDA127DF}
		{A888F8BC-C046-4A45-8001-10C8C9FAB3AE} = {85FC0DA3-C0B7-4A54-AA26-B8A3EDA127DF}
		{1904A41B-D1B8-40E5-ADBB-728DDCF7C816} = {85FC0DA3-C0B7-4A54-AA26-B8A3EDA127DF}
	EndGlobalSection
EndGlobal
